
Microsoft Visual Studio Solution File, Format Version 12.00
# Visual Studio 15
VisualStudioVersion = 15.0.28307.852
MinimumVisualStudioVersion = 10.0.40219.1
Project("{9A19103F-16F7-4668-BE54-9A1E7A4F7556}") = "MazeGenerator", "MazeGenerator\MazeGenerator.csproj", "{AEB782FA-8F9D-497E-A0BB-836BF6F9248F}"
EndProject
Project("{9A19103F-16F7-4668-BE54-9A1E7A4F7556}") = "MazeDLL", "MazeDLL\MazeDLL.csproj", "{E48FAE7F-F36B-452B-9B28-E3996FB2AEEC}"
EndProject
Global
	GlobalSection(SolutionConfigurationPlatforms) = preSolution
		Debug|Any CPU = Debug|Any CPU
		Release|Any CPU = Release|Any CPU
	EndGlobalSection
	GlobalSection(ProjectConfigurationPlatforms) = postSolution
		{AEB782FA-8F9D-497E-A0BB-836BF6F9248F}.Debug|Any CPU.ActiveCfg = Debug|Any CPU
		{AEB782FA-8F9D-497E-A0BB-836BF6F9248F}.Debug|Any CPU.Build.0 = Debug|Any CPU
		{AEB782FA-8F9D-497E-A0BB-836BF6F9248F}.Release|Any CPU.ActiveCfg = Release|Any CPU
		{AEB782FA-8F9D-497E-A0BB-836BF6F9248F}.Release|Any CPU.Build.0 = Release|Any CPU
		{E48FAE7F-F36B-452B-9B28-E3996FB2AEEC}.Debug|Any CPU.ActiveCfg = Debug|Any CPU
		{E48FAE7F-F36B-452B-9B28-E3996FB2AEEC}.Debug|Any CPU.Build.0 = Debug|Any CPU
		{E48FAE7F-F36B-452B-9B28-E3996FB2AEEC}.Release|Any CPU.ActiveCfg = Release|Any CPU
		{E48FAE7F-F36B-452B-9B28-E3996FB2AEEC}.Release|Any CPU.Build.0 = Release|Any CPU
	EndGlobalSection
	GlobalSection(SolutionProperties) = preSolution
		HideSolutionNode = FALSE
	EndGlobalSection
	GlobalSection(ExtensibilityGlobals) = postSolution
		SolutionGuid = {B17D2D0F-C0EF-450F-9748-0DA7A41D5F9E}
	EndGlobalSection
EndGlobal
